
Microsoft Visual Studio Solution File, Format Version 12.00
# Visual Studio Version 16
VisualStudioVersion = 16.0.32413.511
MinimumVisualStudioVersion = 10.0.40219.1
Project("{FAE04EC0-301F-11D3-BF4B-00C04F79EFBC}") = "Find the City With the Smallest Number of Neighbors", "Find the City With the Smallest Number of Neighbors\Find the City With the Smallest Number of Neighbors.csproj", "{7E0BB200-6F5E-4C7C-AB8D-A456C4CD5052}"
EndProject
Global
	GlobalSection(SolutionConfigurationPlatforms) = preSolution
		Debug|Any CPU = Debug|Any CPU
		Release|Any CPU = Release|Any CPU
	EndGlobalSection
	GlobalSection(ProjectConfigurationPlatforms) = postSolution
		{7E0BB200-6F5E-4C7C-AB8D-A456C4CD5052}.Debug|Any CPU.ActiveCfg = Debug|Any CPU
		{7E0BB200-6F5E-4C7C-AB8D-A456C4CD5052}.Debug|Any CPU.Build.0 = Debug|Any CPU
		{7E0BB200-6F5E-4C7C-AB8D-A456C4CD5052}.Release|Any CPU.ActiveCfg = Release|Any CPU
		{7E0BB200-6F5E-4C7C-AB8D-A456C4CD5052}.Release|Any CPU.Build.0 = Release|Any CPU
	EndGlobalSection
	GlobalSection(SolutionProperties) = preSolution
		HideSolutionNode = FALSE
	EndGlobalSection
	GlobalSection(ExtensibilityGlobals) = postSolution
		SolutionGuid = {5D3F8AE0-A623-444A-9EA1-42A0AB6227A2}
	EndGlobalSection
EndGlobal
